
Microsoft Visual Studio Solution File, Format Version 12.00
# Visual Studio Version 16
VisualStudioVersion = 16.0.30114.105
MinimumVisualStudioVersion = 10.0.40219.1
Project("{FAE04EC0-301F-11D3-BF4B-00C04F79EFBC}") = "HomeWork17.05", "HomeWork17.05\HomeWork17.05.csproj", "{68CA6E52-2E8F-4FAF-BA74-2D464941FBBB}"
EndProject
Global
	GlobalSection(SolutionConfigurationPlatforms) = preSolution
		Debug|Any CPU = Debug|Any CPU
		Release|Any CPU = Release|Any CPU
	EndGlobalSection
	GlobalSection(ProjectConfigurationPlatforms) = postSolution
		{68CA6E52-2E8F-4FAF-BA74-2D464941FBBB}.Debug|Any CPU.ActiveCfg = Debug|Any CPU
		{68CA6E52-2E8F-4FAF-BA74-2D464941FBBB}.Debug|Any CPU.Build.0 = Debug|Any CPU
		{68CA6E52-2E8F-4FAF-BA74-2D464941FBBB}.Release|Any CPU.ActiveCfg = Release|Any CPU
		{68CA6E52-2E8F-4FAF-BA74-2D464941FBBB}.Release|Any CPU.Build.0 = Release|Any CPU
	EndGlobalSection
	GlobalSection(SolutionProperties) = preSolution
		HideSolutionNode = FALSE
	EndGlobalSection
	GlobalSection(ExtensibilityGlobals) = postSolution
		SolutionGuid = {35708992-6EB5-4F57-9B0B-B0A212C80A65}
	EndGlobalSection
EndGlobal
